// !$*UTF8*$!
{
	archiveVersion = 1;
	classes = {
	};
	objectVersion = 56;
	objects = {

/* Begin PBXBuildFile section */
		9928ACBB2C358F30008F545A /* EraMatchApp.swift in Sources */ = {isa = PBXBuildFile; fileRef = 9928ACBA2C358F30008F545A /* EraMatchApp.swift */; };
		9928ACBD2C358F30008F545A /* ContentView.swift in Sources */ = {isa = PBXBuildFile; fileRef = 9928ACBC2C358F30008F545A /* ContentView.swift */; };
		9928ACBF2C358F32008F545A /* Assets.xcassets in Resources */ = {isa = PBXBuildFile; fileRef = 9928ACBE2C358F32008F545A /* Assets.xcassets */; };
		9928ACC22C358F32008F545A /* Preview Assets.xcassets in Resources */ = {isa = PBXBuildFile; fileRef = 9928ACC12C358F32008F545A /* Preview Assets.xcassets */; };
		9928ACD22C359D27008F545A /* OnboardingView.swift in Sources */ = {isa = PBXBuildFile; fileRef = 9928ACD12C359D27008F545A /* OnboardingView.swift */; };
		9928ACD42C35A4A0008F545A /* HomeView.swift in Sources */ = {isa = PBXBuildFile; fileRef = 9928ACD32C35A4A0008F545A /* HomeView.swift */; };
		9928ACD62C35ACC8008F545A /* BackgroundView.swift in Sources */ = {isa = PBXBuildFile; fileRef = 9928ACD52C35ACC8008F545A /* BackgroundView.swift */; };
		9928ACDA2C36CE1D008F545A /* UserModel.swift in Sources */ = {isa = PBXBuildFile; fileRef = 9928ACD92C36CE1D008F545A /* UserModel.swift */; };
		9928ACDC2C36CE2A008F545A /* SignInService.swift in Sources */ = {isa = PBXBuildFile; fileRef = 9928ACDB2C36CE2A008F545A /* SignInService.swift */; };
/* End PBXBuildFile section */

/* Begin PBXFileReference section */
		9928ACB72C358F30008F545A /* EraMatch.app */ = {isa = PBXFileReference; explicitFileType = wrapper.application; includeInIndex = 0; path = EraMatch.app; sourceTree = BUILT_PRODUCTS_DIR; };
		9928ACBA2C358F30008F545A /* EraMatchApp.swift */ = {isa = PBXFileReference; lastKnownFileType = sourcecode.swift; path = EraMatchApp.swift; sourceTree = "<group>"; };
		9928ACBC2C358F30008F545A /* ContentView.swift */ = {isa = PBXFileReference; lastKnownFileType = sourcecode.swift; path = ContentView.swift; sourceTree = "<group>"; };
		9928ACBE2C358F32008F545A /* Assets.xcassets */ = {isa = PBXFileReference; lastKnownFileType = folder.assetcatalog; path = Assets.xcassets; sourceTree = "<group>"; };
		9928ACC12C358F32008F545A /* Preview Assets.xcassets */ = {isa = PBXFileReference; lastKnownFileType = folder.assetcatalog; path = "Preview Assets.xcassets"; sourceTree = "<group>"; };
		9928ACD12C359D27008F545A /* OnboardingView.swift */ = {isa = PBXFileReference; lastKnownFileType = sourcecode.swift; path = OnboardingView.swift; sourceTree = "<group>"; };
		9928ACD32C35A4A0008F545A /* HomeView.swift */ = {isa = PBXFileReference; lastKnownFileType = sourcecode.swift; path = HomeView.swift; sourceTree = "<group>"; };
		9928ACD52C35ACC8008F545A /* BackgroundView.swift */ = {isa = PBXFileReference; lastKnownFileType = sourcecode.swift; path = BackgroundView.swift; sourceTree = "<group>"; };
		9928ACD92C36CE1D008F545A /* UserModel.swift */ = {isa = PBXFileReference; lastKnownFileType = sourcecode.swift; path = UserModel.swift; sourceTree = "<group>"; };
		9928ACDB2C36CE2A008F545A /* SignInService.swift */ = {isa = PBXFileReference; lastKnownFileType = sourcecode.swift; path = SignInService.swift; sourceTree = "<group>"; };
/* End PBXFileReference section */

/* Begin PBXFrameworksBuildPhase section */
		9928ACB42C358F30008F545A /* Frameworks */ = {
			isa = PBXFrameworksBuildPhase;
			buildActionMask = 2147483647;
			files = (
			);
			runOnlyForDeploymentPostprocessing = 0;
		};
/* End PBXFrameworksBuildPhase section */

/* Begin PBXGroup section */
		9928ACAE2C358F30008F545A = {
			isa = PBXGroup;
			children = (
				9928ACB92C358F30008F545A /* EraMatch */,
				9928ACB82C358F30008F545A /* Products */,
			);
			sourceTree = "<group>";
		};
		9928ACB82C358F30008F545A /* Products */ = {
			isa = PBXGroup;
			children = (
				9928ACB72C358F30008F545A /* EraMatch.app */,
			);
			name = Products;
			sourceTree = "<group>";
		};
		9928ACB92C358F30008F545A /* EraMatch */ = {
			isa = PBXGroup;
			children = (
				9928ACCB2C3595D0008F545A /* Views */,
				9928ACCA2C3595CA008F545A /* Models */,
				9928ACCC2C35969A008F545A /* Services */,
				9928ACC92C359570008F545A /* Support */,
				9928ACC02C358F32008F545A /* Preview Content */,
			);
			path = EraMatch;
			sourceTree = "<group>";
		};
		9928ACC02C358F32008F545A /* Preview Content */ = {
			isa = PBXGroup;
			children = (
				9928ACC12C358F32008F545A /* Preview Assets.xcassets */,
			);
			path = "Preview Content";
			sourceTree = "<group>";
		};
		9928ACC92C359570008F545A /* Support */ = {
			isa = PBXGroup;
			children = (
				9928ACBC2C358F30008F545A /* ContentView.swift */,
				9928ACBA2C358F30008F545A /* EraMatchApp.swift */,
				9928ACBE2C358F32008F545A /* Assets.xcassets */,
			);
			path = Support;
			sourceTree = "<group>";
		};
		9928ACCA2C3595CA008F545A /* Models */ = {
			isa = PBXGroup;
			children = (
				9928ACD92C36CE1D008F545A /* UserModel.swift */,
			);
			path = Models;
			sourceTree = "<group>";
		};
		9928ACCB2C3595D0008F545A /* Views */ = {
			isa = PBXGroup;
			children = (
				9928ACD12C359D27008F545A /* OnboardingView.swift */,
				9928ACD32C35A4A0008F545A /* HomeView.swift */,
				9928ACD52C35ACC8008F545A /* BackgroundView.swift */,
			);
			path = Views;
			sourceTree = "<group>";
		};
		9928ACCC2C35969A008F545A /* Services */ = {
			isa = PBXGroup;
			children = (
				9928ACDB2C36CE2A008F545A /* SignInService.swift */,
			);
			path = Services;
			sourceTree = "<group>";
		};
/* End PBXGroup section */

/* Begin PBXNativeTarget section */
		9928ACB62C358F30008F545A /* EraMatch */ = {
			isa = PBXNativeTarget;
			buildConfigurationList = 9928ACC52C358F32008F545A /* Build configuration list for PBXNativeTarget "EraMatch" */;
			buildPhases = (
				9928ACB32C358F30008F545A /* Sources */,
				9928ACB42C358F30008F545A /* Frameworks */,
				9928ACB52C358F30008F545A /* Resources */,
			);
			buildRules = (
			);
			dependencies = (
			);
			name = EraMatch;
			productName = EraMatch;
			productReference = 9928ACB72C358F30008F545A /* EraMatch.app */;
			productType = "com.apple.product-type.application";
		};
/* End PBXNativeTarget section */

/* Begin PBXProject section */
		9928ACAF2C358F30008F545A /* Project object */ = {
			isa = PBXProject;
			attributes = {
				BuildIndependentTargetsInParallel = 1;
				LastSwiftUpdateCheck = 1540;
				LastUpgradeCheck = 1540;
				TargetAttributes = {
					9928ACB62C358F30008F545A = {
						CreatedOnToolsVersion = 15.4;
					};
				};
			};
			buildConfigurationList = 9928ACB22C358F30008F545A /* Build configuration list for PBXProject "EraMatch" */;
			compatibilityVersion = "Xcode 14.0";
			developmentRegion = en;
			hasScannedForEncodings = 0;
			knownRegions = (
				en,
				Base,
			);
			mainGroup = 9928ACAE2C358F30008F545A;
			productRefGroup = 9928ACB82C358F30008F545A /* Products */;
			projectDirPath = "";
			projectRoot = "";
			targets = (
				9928ACB62C358F30008F545A /* EraMatch */,
			);
		};
/* End PBXProject section */

/* Begin PBXResourcesBuildPhase section */
		9928ACB52C358F30008F545A /* Resources */ = {
			isa = PBXResourcesBuildPhase;
			buildActionMask = 2147483647;
			files = (
				9928ACC22C358F32008F545A /* Preview Assets.xcassets in Resources */,
				9928ACBF2C358F32008F545A /* Assets.xcassets in Resources */,
			);
			runOnlyForDeploymentPostprocessing = 0;
		};
/* End PBXResourcesBuildPhase section */

/* Begin PBXSourcesBuildPhase section */
		9928ACB32C358F30008F545A /* Sources */ = {
			isa = PBXSourcesBuildPhase;
			buildActionMask = 2147483647;
			files = (
				9928ACD62C35ACC8008F545A /* BackgroundView.swift in Sources */,
				9928ACD22C359D27008F545A /* OnboardingView.swift in Sources */,
				9928ACD42C35A4A0008F545A /* HomeView.swift in Sources */,
				9928ACBD2C358F30008F545A /* ContentView.swift in Sources */,
				9928ACDA2C36CE1D008F545A /* UserModel.swift in Sources */,
				9928ACBB2C358F30008F545A /* EraMatchApp.swift in Sources */,
				9928ACDC2C36CE2A008F545A /* SignInService.swift in Sources */,
			);
			runOnlyForDeploymentPostprocessing = 0;
		};
/* End PBXSourcesBuildPhase section */

/* Begin XCBuildConfiguration section */
		9928ACC32C358F32008F545A /* Debug */ = {
			isa = XCBuildConfiguration;
			buildSettings = {
				ALWAYS_SEARCH_USER_PATHS = NO;
				ASSETCATALOG_COMPILER_GENERATE_SWIFT_ASSET_SYMBOL_EXTENSIONS = YES;
				CLANG_ANALYZER_NONNULL = YES;
				CLANG_ANALYZER_NUMBER_OBJECT_CONVERSION = YES_AGGRESSIVE;
				CLANG_CXX_LANGUAGE_STANDARD = "gnu++20";
				CLANG_ENABLE_MODULES = YES;
				CLANG_ENABLE_OBJC_ARC = YES;
				CLANG_ENABLE_OBJC_WEAK = YES;
				CLANG_WARN_BLOCK_CAPTURE_AUTORELEASING = YES;
				CLANG_WARN_BOOL_CONVERSION = YES;
				CLANG_WARN_COMMA = YES;
				CLANG_WARN_CONSTANT_CONVERSION = YES;
				CLANG_WARN_DEPRECATED_OBJC_IMPLEMENTATIONS = YES;
				CLANG_WARN_DIRECT_OBJC_ISA_USAGE = YES_ERROR;
				CLANG_WARN_DOCUMENTATION_COMMENTS = YES;
				CLANG_WARN_EMPTY_BODY = YES;
				CLANG_WARN_ENUM_CONVERSION = YES;
				CLANG_WARN_INFINITE_RECURSION = YES;
				CLANG_WARN_INT_CONVERSION = YES;
				CLANG_WARN_NON_LITERAL_NULL_CONVERSION = YES;
				CLANG_WARN_OBJC_IMPLICIT_RETAIN_SELF = YES;
				CLANG_WARN_OBJC_LITERAL_CONVERSION = YES;
				CLANG_WARN_OBJC_ROOT_CLASS = YES_ERROR;
				CLANG_WARN_QUOTED_INCLUDE_IN_FRAMEWORK_HEADER = YES;
				CLANG_WARN_RANGE_LOOP_ANALYSIS = YES;
				CLANG_WARN_STRICT_PROTOTYPES = YES;
				CLANG_WARN_SUSPICIOUS_MOVE = YES;
				CLANG_WARN_UNGUARDED_AVAILABILITY = YES_AGGRESSIVE;
				CLANG_WARN_UNREACHABLE_CODE = YES;
				CLANG_WARN__DUPLICATE_METHOD_MATCH = YES;
				COPY_PHASE_STRIP = NO;
				DEBUG_INFORMATION_FORMAT = dwarf;
				ENABLE_STRICT_OBJC_MSGSEND = YES;
				ENABLE_TESTABILITY = YES;
				ENABLE_USER_SCRIPT_SANDBOXING = YES;
				GCC_C_LANGUAGE_STANDARD = gnu17;
				GCC_DYNAMIC_NO_PIC = NO;
				GCC_NO_COMMON_BLOCKS = YES;
				GCC_OPTIMIZATION_LEVEL = 0;
				GCC_PREPROCESSOR_DEFINITIONS = (
					"DEBUG=1",
					"$(inherited)",
				);
				GCC_WARN_64_TO_32_BIT_CONVERSION = YES;
				GCC_WARN_ABOUT_RETURN_TYPE = YES_ERROR;
				GCC_WARN_UNDECLARED_SELECTOR = YES;
				GCC_WARN_UNINITIALIZED_AUTOS = YES_AGGRESSIVE;
				GCC_WARN_UNUSED_FUNCTION = YES;
				GCC_WARN_UNUSED_VARIABLE = YES;
				IPHONEOS_DEPLOYMENT_TARGET = 17.5;
				LOCALIZATION_PREFERS_STRING_CATALOGS = YES;
				MTL_ENABLE_DEBUG_INFO = INCLUDE_SOURCE;
				MTL_FAST_MATH = YES;
				ONLY_ACTIVE_ARCH = YES;
				SDKROOT = iphoneos;
				SWIFT_ACTIVE_COMPILATION_CONDITIONS = "DEBUG $(inherited)";
				SWIFT_OPTIMIZATION_LEVEL = "-Onone";
			};
			name = Debug;
		};
		9928ACC42C358F32008F545A /* Release */ = {
			isa = XCBuildConfiguration;
			buildSettings = {
				ALWAYS_SEARCH_USER_PATHS = NO;
				ASSETCATALOG_COMPILER_GENERATE_SWIFT_ASSET_SYMBOL_EXTENSIONS = YES;
				CLANG_ANALYZER_NONNULL = YES;
				CLANG_ANALYZER_NUMBER_OBJECT_CONVERSION = YES_AGGRESSIVE;
				CLANG_CXX_LANGUAGE_STANDARD = "gnu++20";
				CLANG_ENABLE_MODULES = YES;
				CLANG_ENABLE_OBJC_ARC = YES;
				CLANG_ENABLE_OBJC_WEAK = YES;
				CLANG_WARN_BLOCK_CAPTURE_AUTORELEASING = YES;
				CLANG_WARN_BOOL_CONVERSION = YES;
				CLANG_WARN_COMMA = YES;
				CLANG_WARN_CONSTANT_CONVERSION = YES;
				CLANG_WARN_DEPRECATED_OBJC_IMPLEMENTATIONS = YES;
				CLANG_WARN_DIRECT_OBJC_ISA_USAGE = YES_ERROR;
				CLANG_WARN_DOCUMENTATION_COMMENTS = YES;
				CLANG_WARN_EMPTY_BODY = YES;
				CLANG_WARN_ENUM_CONVERSION = YES;
				CLANG_WARN_INFINITE_RECURSION = YES;
				CLANG_WARN_INT_CONVERSION = YES;
				CLANG_WARN_NON_LITERAL_NULL_CONVERSION = YES;
				CLANG_WARN_OBJC_IMPLICIT_RETAIN_SELF = YES;
				CLANG_WARN_OBJC_LITERAL_CONVERSION = YES;
				CLANG_WARN_OBJC_ROOT_CLASS = YES_ERROR;
				CLANG_WARN_QUOTED_INCLUDE_IN_FRAMEWORK_HEADER = YES;
				CLANG_WARN_RANGE_LOOP_ANALYSIS = YES;
				CLANG_WARN_STRICT_PROTOTYPES = YES;
				CLANG_WARN_SUSPICIOUS_MOVE = YES;
				CLANG_WARN_UNGUARDED_AVAILABILITY = YES_AGGRESSIVE;
				CLANG_WARN_UNREACHABLE_CODE = YES;
				CLANG_WARN__DUPLICATE_METHOD_MATCH = YES;
				COPY_PHASE_STRIP = NO;
				DEBUG_INFORMATION_FORMAT = "dwarf-with-dsym";
				ENABLE_NS_ASSERTIONS = NO;
				ENABLE_STRICT_OBJC_MSGSEND = YES;
				ENABLE_USER_SCRIPT_SANDBOXING = YES;
				GCC_C_LANGUAGE_STANDARD = gnu17;
				GCC_NO_COMMON_BLOCKS = YES;
				GCC_WARN_64_TO_32_BIT_CONVERSION = YES;
				GCC_WARN_ABOUT_RETURN_TYPE = YES_ERROR;
				GCC_WARN_UNDECLARED_SELECTOR = YES;
				GCC_WARN_UNINITIALIZED_AUTOS = YES_AGGRESSIVE;
				GCC_WARN_UNUSED_FUNCTION = YES;
				GCC_WARN_UNUSED_VARIABLE = YES;
				IPHONEOS_DEPLOYMENT_TARGET = 17.5;
				LOCALIZATION_PREFERS_STRING_CATALOGS = YES;
				MTL_ENABLE_DEBUG_INFO = NO;
				MTL_FAST_MATH = YES;
				SDKROOT = iphoneos;
				SWIFT_COMPILATION_MODE = wholemodule;
				VALIDATE_PRODUCT = YES;
			};
			name = Release;
		};
		9928ACC62C358F32008F545A /* Debug */ = {
			isa = XCBuildConfiguration;
			buildSettings = {
				ASSETCATALOG_COMPILER_APPICON_NAME = AppIcon;
				ASSETCATALOG_COMPILER_GLOBAL_ACCENT_COLOR_NAME = AccentColor;
				CODE_SIGN_STYLE = Automatic;
				CURRENT_PROJECT_VERSION = 1;
				DEVELOPMENT_ASSET_PATHS = "\"EraMatch/Preview Content\"";
				DEVELOPMENT_TEAM = 694ZS6YAZS;
				ENABLE_PREVIEWS = YES;
				GENERATE_INFOPLIST_FILE = YES;
				INFOPLIST_KEY_LSApplicationCategoryType = "public.app-category.travel";
				INFOPLIST_KEY_UIApplicationSceneManifest_Generation = YES;
				INFOPLIST_KEY_UIApplicationSupportsIndirectInputEvents = YES;
				INFOPLIST_KEY_UILaunchScreen_Generation = YES;
				INFOPLIST_KEY_UISupportedInterfaceOrientations_iPad = "UIInterfaceOrientationPortrait UIInterfaceOrientationPortraitUpsideDown UIInterfaceOrientationLandscapeLeft UIInterfaceOrientationLandscapeRight";
				INFOPLIST_KEY_UISupportedInterfaceOrientations_iPhone = "UIInterfaceOrientationPortrait UIInterfaceOrientationLandscapeLeft UIInterfaceOrientationLandscapeRight";
				IPHONEOS_DEPLOYMENT_TARGET = 17.0;
				LD_RUNPATH_SEARCH_PATHS = (
					"$(inherited)",
					"@executable_path/Frameworks",
				);
				MARKETING_VERSION = 1.0.0;
				PRODUCT_BUNDLE_IDENTIFIER = com.rmgoktas.EraMatch;
				PRODUCT_NAME = "$(TARGET_NAME)";
				SUPPORTED_PLATFORMS = "iphoneos iphonesimulator";
				SUPPORTS_MACCATALYST = NO;
				SUPPORTS_MAC_DESIGNED_FOR_IPHONE_IPAD = NO;
				SUPPORTS_XR_DESIGNED_FOR_IPHONE_IPAD = NO;
				SWIFT_EMIT_LOC_STRINGS = YES;
				SWIFT_VERSION = 5.0;
				TARGETED_DEVICE_FAMILY = 1;
			};
			name = Debug;
		};
		9928ACC72C358F32008F545A /* Release */ = {
			isa = XCBuildConfiguration;
			buildSettings = {
				ASSETCATALOG_COMPILER_APPICON_NAME = AppIcon;
				ASSETCATALOG_COMPILER_GLOBAL_ACCENT_COLOR_NAME = AccentColor;
				CODE_SIGN_STYLE = Automatic;
				CURRENT_PROJECT_VERSION = 1;
				DEVELOPMENT_ASSET_PATHS = "\"EraMatch/Preview Content\"";
				DEVELOPMENT_TEAM = 694ZS6YAZS;
				ENABLE_PREVIEWS = YES;
				GENERATE_INFOPLIST_FILE = YES;
				INFOPLIST_KEY_LSApplicationCategoryType = "public.app-category.travel";
				INFOPLIST_KEY_UIApplicationSceneManifest_Generation = YES;
				INFOPLIST_KEY_UIApplicationSupportsIndirectInputEvents = YES;
				INFOPLIST_KEY_UILaunchScreen_Generation = YES;
				INFOPLIST_KEY_UISupportedInterfaceOrientations_iPad = "UIInterfaceOrientationPortrait UIInterfaceOrientationPortraitUpsideDown UIInterfaceOrientationLandscapeLeft UIInterfaceOrientationLandscapeRight";
				INFOPLIST_KEY_UISupportedInterfaceOrientations_iPhone = "UIInterfaceOrientationPortrait UIInterfaceOrientationLandscapeLeft UIInterfaceOrientationLandscapeRight";
				IPHONEOS_DEPLOYMENT_TARGET = 17.0;
				LD_RUNPATH_SEARCH_PATHS = (
					"$(inherited)",
					"@executable_path/Frameworks",
				);
				MARKETING_VERSION = 1.0.0;
				PRODUCT_BUNDLE_IDENTIFIER = com.rmgoktas.EraMatch;
				PRODUCT_NAME = "$(TARGET_NAME)";
				SUPPORTED_PLATFORMS = "iphoneos iphonesimulator";
				SUPPORTS_MACCATALYST = NO;
				SUPPORTS_MAC_DESIGNED_FOR_IPHONE_IPAD = NO;
				SUPPORTS_XR_DESIGNED_FOR_IPHONE_IPAD = NO;
				SWIFT_EMIT_LOC_STRINGS = YES;
				SWIFT_VERSION = 5.0;
				TARGETED_DEVICE_FAMILY = 1;
			};
			name = Release;
		};
/* End XCBuildConfiguration section */

/* Begin XCConfigurationList section */
		9928ACB22C358F30008F545A /* Build configuration list for PBXProject "EraMatch" */ = {
			isa = XCConfigurationList;
			buildConfigurations = (
				9928ACC32C358F32008F545A /* Debug */,
				9928ACC42C358F32008F545A /* Release */,
			);
			defaultConfigurationIsVisible = 0;
			defaultConfigurationName = Release;
		};
		9928ACC52C358F32008F545A /* Build configuration list for PBXNativeTarget "EraMatch" */ = {
			isa = XCConfigurationList;
			buildConfigurations = (
				9928ACC62C358F32008F545A /* Debug */,
				9928ACC72C358F32008F545A /* Release */,
			);
			defaultConfigurationIsVisible = 0;
			defaultConfigurationName = Release;
		};
/* End XCConfigurationList section */
	};
	rootObject = 9928ACAF2C358F30008F545A /* Project object */;
}
