// !$*UTF8*$!
{
	archiveVersion = 1;
	classes = {
	};
	objectVersion = 56;
	objects = {

/* Begin PBXBuildFile section */
		99008C502CD6C1710099BFCF /* PDFView.swift in Sources */ = {isa = PBXBuildFile; fileRef = 99008C4F2CD6C1710099BFCF /* PDFView.swift */; };
		99008C522CD79C820099BFCF /* NgoCreateEventView.swift in Sources */ = {isa = PBXBuildFile; fileRef = 99008C512CD79C820099BFCF /* NgoCreateEventView.swift */; };
		991F3A712C52A6C900E1CC1C /* NgoProfileView.swift in Sources */ = {isa = PBXBuildFile; fileRef = 991F3A702C52A6C900E1CC1C /* NgoProfileView.swift */; };
		991F3A752C53F46C00E1CC1C /* EventCardView.swift in Sources */ = {isa = PBXBuildFile; fileRef = 991F3A742C53F46C00E1CC1C /* EventCardView.swift */; };
		9928ACBB2C358F30008F545A /* EraMatchApp.swift in Sources */ = {isa = PBXBuildFile; fileRef = 9928ACBA2C358F30008F545A /* EraMatchApp.swift */; };
		9928ACBD2C358F30008F545A /* ContentView.swift in Sources */ = {isa = PBXBuildFile; fileRef = 9928ACBC2C358F30008F545A /* ContentView.swift */; };
		9928ACBF2C358F32008F545A /* Assets.xcassets in Resources */ = {isa = PBXBuildFile; fileRef = 9928ACBE2C358F32008F545A /* Assets.xcassets */; };
		9928ACC22C358F32008F545A /* Preview Assets.xcassets in Resources */ = {isa = PBXBuildFile; fileRef = 9928ACC12C358F32008F545A /* Preview Assets.xcassets */; };
		9928ACD22C359D27008F545A /* OnboardingView.swift in Sources */ = {isa = PBXBuildFile; fileRef = 9928ACD12C359D27008F545A /* OnboardingView.swift */; };
		9928ACD42C35A4A0008F545A /* UserHomeView.swift in Sources */ = {isa = PBXBuildFile; fileRef = 9928ACD32C35A4A0008F545A /* UserHomeView.swift */; };
		9928ACD62C35ACC8008F545A /* BackgroundView.swift in Sources */ = {isa = PBXBuildFile; fileRef = 9928ACD52C35ACC8008F545A /* BackgroundView.swift */; };
		9928ACE02C36DCAC008F545A /* NgoHomeView.swift in Sources */ = {isa = PBXBuildFile; fileRef = 9928ACDF2C36DCAC008F545A /* NgoHomeView.swift */; };
		9928ACE52C36F71F008F545A /* LoginView.swift in Sources */ = {isa = PBXBuildFile; fileRef = 9928ACE42C36F71F008F545A /* LoginView.swift */; };
		9928ACF72C370CAE008F545A /* NgoSignUpView.swift in Sources */ = {isa = PBXBuildFile; fileRef = 9928ACF62C370CAE008F545A /* NgoSignUpView.swift */; };
		9928ACF92C370CC0008F545A /* UserSignUpView.swift in Sources */ = {isa = PBXBuildFile; fileRef = 9928ACF82C370CC0008F545A /* UserSignUpView.swift */; };
		9928ACFB2C370CED008F545A /* SelectStateView.swift in Sources */ = {isa = PBXBuildFile; fileRef = 9928ACFA2C370CED008F545A /* SelectStateView.swift */; };
		9928ACFD2C383731008F545A /* Contents.swift in Sources */ = {isa = PBXBuildFile; fileRef = 9928ACFC2C383731008F545A /* Contents.swift */; };
		9928AD3D2C448432008F545A /* GoogleService-Info.plist in Resources */ = {isa = PBXBuildFile; fileRef = 9928AD3C2C448432008F545A /* GoogleService-Info.plist */; };
		9928AD792C448725008F545A /* LoginViewModel.swift in Sources */ = {isa = PBXBuildFile; fileRef = 9928AD782C448725008F545A /* LoginViewModel.swift */; };
		9928AD7C2C448750008F545A /* NgoSignUpViewModel.swift in Sources */ = {isa = PBXBuildFile; fileRef = 9928AD7B2C448750008F545A /* NgoSignUpViewModel.swift */; };
		9928AD7E2C448760008F545A /* UserSignUpViewModel.swift in Sources */ = {isa = PBXBuildFile; fileRef = 9928AD7D2C448760008F545A /* UserSignUpViewModel.swift */; };
		9937C5272CB9D03400EFEA38 /* UserEventsView.swift in Sources */ = {isa = PBXBuildFile; fileRef = 9937C5262CB9D03400EFEA38 /* UserEventsView.swift */; };
		9937C5292CB9D04500EFEA38 /* UserSubmissionsView.swift in Sources */ = {isa = PBXBuildFile; fileRef = 9937C5282CB9D04500EFEA38 /* UserSubmissionsView.swift */; };
		9951E8D12CB1906D001F7B6E /* NgoNavBarView.swift in Sources */ = {isa = PBXBuildFile; fileRef = 9951E8D02CB1906D001F7B6E /* NgoNavBarView.swift */; };
		9951E8D32CB190BF001F7B6E /* UserNavBarView.swift in Sources */ = {isa = PBXBuildFile; fileRef = 9951E8D22CB190BF001F7B6E /* UserNavBarView.swift */; };
		9951E8D72CB86E6B001F7B6E /* NgoHomeViewModel.swift in Sources */ = {isa = PBXBuildFile; fileRef = 9951E8D62CB86E6B001F7B6E /* NgoHomeViewModel.swift */; };
		9951E8D92CB87256001F7B6E /* NgoSubmissionsView.swift in Sources */ = {isa = PBXBuildFile; fileRef = 9951E8D82CB87256001F7B6E /* NgoSubmissionsView.swift */; };
		9951E8DB2CB89B32001F7B6E /* NgoMyEventsView.swift in Sources */ = {isa = PBXBuildFile; fileRef = 9951E8DA2CB89B32001F7B6E /* NgoMyEventsView.swift */; };
		996950852CEFC19A00800A17 /* EventModel.swift in Sources */ = {isa = PBXBuildFile; fileRef = 996950842CEFC19A00800A17 /* EventModel.swift */; };
		996950872CEFC1AA00800A17 /* CreateEventViewModel.swift in Sources */ = {isa = PBXBuildFile; fileRef = 996950862CEFC1AA00800A17 /* CreateEventViewModel.swift */; };
		996950892CF2991500800A17 /* EventCardViewModel.swift in Sources */ = {isa = PBXBuildFile; fileRef = 996950882CF2991500800A17 /* EventCardViewModel.swift */; };
		9994D9402CF7639D003F8C6A /* FirebaseAnalytics in Frameworks */ = {isa = PBXBuildFile; productRef = 9994D93F2CF7639D003F8C6A /* FirebaseAnalytics */; };
		9994D9422CF7639D003F8C6A /* FirebaseAnalyticsOnDeviceConversion in Frameworks */ = {isa = PBXBuildFile; productRef = 9994D9412CF7639D003F8C6A /* FirebaseAnalyticsOnDeviceConversion */; };
		9994D9442CF7639D003F8C6A /* FirebaseAnalyticsWithoutAdIdSupport in Frameworks */ = {isa = PBXBuildFile; productRef = 9994D9432CF7639D003F8C6A /* FirebaseAnalyticsWithoutAdIdSupport */; };
		9994D9462CF7639D003F8C6A /* FirebaseAppCheck in Frameworks */ = {isa = PBXBuildFile; productRef = 9994D9452CF7639D003F8C6A /* FirebaseAppCheck */; };
		9994D9482CF7639D003F8C6A /* FirebaseAppDistribution-Beta in Frameworks */ = {isa = PBXBuildFile; productRef = 9994D9472CF7639D003F8C6A /* FirebaseAppDistribution-Beta */; };
		9994D94A2CF7639D003F8C6A /* FirebaseAuth in Frameworks */ = {isa = PBXBuildFile; productRef = 9994D9492CF7639D003F8C6A /* FirebaseAuth */; };
		9994D94C2CF7639D003F8C6A /* FirebaseAuthCombine-Community in Frameworks */ = {isa = PBXBuildFile; productRef = 9994D94B2CF7639D003F8C6A /* FirebaseAuthCombine-Community */; };
		9994D94E2CF7639D003F8C6A /* FirebaseCore in Frameworks */ = {isa = PBXBuildFile; productRef = 9994D94D2CF7639D003F8C6A /* FirebaseCore */; };
		9994D9502CF7639D003F8C6A /* FirebaseCrashlytics in Frameworks */ = {isa = PBXBuildFile; productRef = 9994D94F2CF7639D003F8C6A /* FirebaseCrashlytics */; };
		9994D9522CF7639D003F8C6A /* FirebaseDatabase in Frameworks */ = {isa = PBXBuildFile; productRef = 9994D9512CF7639D003F8C6A /* FirebaseDatabase */; };
		9994D9542CF7639D003F8C6A /* FirebaseDynamicLinks in Frameworks */ = {isa = PBXBuildFile; productRef = 9994D9532CF7639D003F8C6A /* FirebaseDynamicLinks */; };
		9994D9562CF7639D003F8C6A /* FirebaseFirestore in Frameworks */ = {isa = PBXBuildFile; productRef = 9994D9552CF7639D003F8C6A /* FirebaseFirestore */; };
		9994D9582CF7639D003F8C6A /* FirebaseFirestoreCombine-Community in Frameworks */ = {isa = PBXBuildFile; productRef = 9994D9572CF7639D003F8C6A /* FirebaseFirestoreCombine-Community */; };
		9994D95A2CF7639D003F8C6A /* FirebaseFunctions in Frameworks */ = {isa = PBXBuildFile; productRef = 9994D9592CF7639D003F8C6A /* FirebaseFunctions */; };
		9994D95C2CF7639D003F8C6A /* FirebaseFunctionsCombine-Community in Frameworks */ = {isa = PBXBuildFile; productRef = 9994D95B2CF7639D003F8C6A /* FirebaseFunctionsCombine-Community */; };
		9994D95E2CF7639E003F8C6A /* FirebaseInstallations in Frameworks */ = {isa = PBXBuildFile; productRef = 9994D95D2CF7639E003F8C6A /* FirebaseInstallations */; };
		9994D9602CF7639E003F8C6A /* FirebasePerformance in Frameworks */ = {isa = PBXBuildFile; productRef = 9994D95F2CF7639E003F8C6A /* FirebasePerformance */; };
		9994D9622CF7639E003F8C6A /* FirebaseRemoteConfig in Frameworks */ = {isa = PBXBuildFile; productRef = 9994D9612CF7639E003F8C6A /* FirebaseRemoteConfig */; };
		9994D9642CF7639E003F8C6A /* FirebaseStorage in Frameworks */ = {isa = PBXBuildFile; productRef = 9994D9632CF7639E003F8C6A /* FirebaseStorage */; };
		9994D9662CF7639E003F8C6A /* FirebaseStorageCombine-Community in Frameworks */ = {isa = PBXBuildFile; productRef = 9994D9652CF7639E003F8C6A /* FirebaseStorageCombine-Community */; };
		99F0FC212C4BDB1C00D51776 /* UserHomeViewModel.swift in Sources */ = {isa = PBXBuildFile; fileRef = 99F0FC202C4BDB1C00D51776 /* UserHomeViewModel.swift */; };
		99F0FC252C4C156900D51776 /* ImagePickerView.swift in Sources */ = {isa = PBXBuildFile; fileRef = 99F0FC242C4C156900D51776 /* ImagePickerView.swift */; };
		99F0FC2B2C4D0E1A00D51776 /* UserGuideScreenView.swift in Sources */ = {isa = PBXBuildFile; fileRef = 99F0FC2A2C4D0E1A00D51776 /* UserGuideScreenView.swift */; };
		99F0FC2F2C4EC81000D51776 /* UserProfileView.swift in Sources */ = {isa = PBXBuildFile; fileRef = 99F0FC2E2C4EC81000D51776 /* UserProfileView.swift */; };
		99F354C92D08B9A80073234E /* ImageLoader.swift in Sources */ = {isa = PBXBuildFile; fileRef = 99F354C82D08B9A80073234E /* ImageLoader.swift */; };
		99F355122D0D0BA20073234E /* NGOModel.swift in Sources */ = {isa = PBXBuildFile; fileRef = 99F355112D0D0BA20073234E /* NGOModel.swift */; };
/* End PBXBuildFile section */

/* Begin PBXFileReference section */
		99008C4F2CD6C1710099BFCF /* PDFView.swift */ = {isa = PBXFileReference; lastKnownFileType = sourcecode.swift; path = PDFView.swift; sourceTree = "<group>"; };
		99008C512CD79C820099BFCF /* NgoCreateEventView.swift */ = {isa = PBXFileReference; lastKnownFileType = sourcecode.swift; path = NgoCreateEventView.swift; sourceTree = "<group>"; };
		991F3A702C52A6C900E1CC1C /* NgoProfileView.swift */ = {isa = PBXFileReference; lastKnownFileType = sourcecode.swift; path = NgoProfileView.swift; sourceTree = "<group>"; };
		991F3A742C53F46C00E1CC1C /* EventCardView.swift */ = {isa = PBXFileReference; lastKnownFileType = sourcecode.swift; path = EventCardView.swift; sourceTree = "<group>"; };
		9928ACB72C358F30008F545A /* EraMatch.app */ = {isa = PBXFileReference; explicitFileType = wrapper.application; includeInIndex = 0; path = EraMatch.app; sourceTree = BUILT_PRODUCTS_DIR; };
		9928ACBA2C358F30008F545A /* EraMatchApp.swift */ = {isa = PBXFileReference; lastKnownFileType = sourcecode.swift; path = EraMatchApp.swift; sourceTree = "<group>"; };
		9928ACBC2C358F30008F545A /* ContentView.swift */ = {isa = PBXFileReference; lastKnownFileType = sourcecode.swift; path = ContentView.swift; sourceTree = "<group>"; };
		9928ACBE2C358F32008F545A /* Assets.xcassets */ = {isa = PBXFileReference; lastKnownFileType = folder.assetcatalog; path = Assets.xcassets; sourceTree = "<group>"; };
		9928ACC12C358F32008F545A /* Preview Assets.xcassets */ = {isa = PBXFileReference; lastKnownFileType = folder.assetcatalog; path = "Preview Assets.xcassets"; sourceTree = "<group>"; };
		9928ACD12C359D27008F545A /* OnboardingView.swift */ = {isa = PBXFileReference; lastKnownFileType = sourcecode.swift; path = OnboardingView.swift; sourceTree = "<group>"; };
		9928ACD32C35A4A0008F545A /* UserHomeView.swift */ = {isa = PBXFileReference; lastKnownFileType = sourcecode.swift; path = UserHomeView.swift; sourceTree = "<group>"; };
		9928ACD52C35ACC8008F545A /* BackgroundView.swift */ = {isa = PBXFileReference; lastKnownFileType = sourcecode.swift; path = BackgroundView.swift; sourceTree = "<group>"; };
		9928ACDF2C36DCAC008F545A /* NgoHomeView.swift */ = {isa = PBXFileReference; lastKnownFileType = sourcecode.swift; path = NgoHomeView.swift; sourceTree = "<group>"; };
		9928ACE42C36F71F008F545A /* LoginView.swift */ = {isa = PBXFileReference; lastKnownFileType = sourcecode.swift; path = LoginView.swift; sourceTree = "<group>"; };
		9928ACF62C370CAE008F545A /* NgoSignUpView.swift */ = {isa = PBXFileReference; lastKnownFileType = sourcecode.swift; path = NgoSignUpView.swift; sourceTree = "<group>"; };
		9928ACF82C370CC0008F545A /* UserSignUpView.swift */ = {isa = PBXFileReference; lastKnownFileType = sourcecode.swift; path = UserSignUpView.swift; sourceTree = "<group>"; };
		9928ACFA2C370CED008F545A /* SelectStateView.swift */ = {isa = PBXFileReference; lastKnownFileType = sourcecode.swift; path = SelectStateView.swift; sourceTree = "<group>"; };
		9928ACFC2C383731008F545A /* Contents.swift */ = {isa = PBXFileReference; lastKnownFileType = sourcecode.swift; path = Contents.swift; sourceTree = "<group>"; };
		9928AD3C2C448432008F545A /* GoogleService-Info.plist */ = {isa = PBXFileReference; fileEncoding = 4; lastKnownFileType = text.plist.xml; path = "GoogleService-Info.plist"; sourceTree = "<group>"; };
		9928AD782C448725008F545A /* LoginViewModel.swift */ = {isa = PBXFileReference; lastKnownFileType = sourcecode.swift; path = LoginViewModel.swift; sourceTree = "<group>"; };
		9928AD7B2C448750008F545A /* NgoSignUpViewModel.swift */ = {isa = PBXFileReference; lastKnownFileType = sourcecode.swift; path = NgoSignUpViewModel.swift; sourceTree = "<group>"; };
		9928AD7D2C448760008F545A /* UserSignUpViewModel.swift */ = {isa = PBXFileReference; lastKnownFileType = sourcecode.swift; path = UserSignUpViewModel.swift; sourceTree = "<group>"; };
		9937C5262CB9D03400EFEA38 /* UserEventsView.swift */ = {isa = PBXFileReference; lastKnownFileType = sourcecode.swift; path = UserEventsView.swift; sourceTree = "<group>"; };
		9937C5282CB9D04500EFEA38 /* UserSubmissionsView.swift */ = {isa = PBXFileReference; lastKnownFileType = sourcecode.swift; path = UserSubmissionsView.swift; sourceTree = "<group>"; };
		9951E8D02CB1906D001F7B6E /* NgoNavBarView.swift */ = {isa = PBXFileReference; lastKnownFileType = sourcecode.swift; path = NgoNavBarView.swift; sourceTree = "<group>"; };
		9951E8D22CB190BF001F7B6E /* UserNavBarView.swift */ = {isa = PBXFileReference; lastKnownFileType = sourcecode.swift; path = UserNavBarView.swift; sourceTree = "<group>"; };
		9951E8D62CB86E6B001F7B6E /* NgoHomeViewModel.swift */ = {isa = PBXFileReference; lastKnownFileType = sourcecode.swift; path = NgoHomeViewModel.swift; sourceTree = "<group>"; };
		9951E8D82CB87256001F7B6E /* NgoSubmissionsView.swift */ = {isa = PBXFileReference; lastKnownFileType = sourcecode.swift; path = NgoSubmissionsView.swift; sourceTree = "<group>"; };
		9951E8DA2CB89B32001F7B6E /* NgoMyEventsView.swift */ = {isa = PBXFileReference; lastKnownFileType = sourcecode.swift; path = NgoMyEventsView.swift; sourceTree = "<group>"; };
		996950842CEFC19A00800A17 /* EventModel.swift */ = {isa = PBXFileReference; lastKnownFileType = sourcecode.swift; path = EventModel.swift; sourceTree = "<group>"; };
		996950862CEFC1AA00800A17 /* CreateEventViewModel.swift */ = {isa = PBXFileReference; lastKnownFileType = sourcecode.swift; path = CreateEventViewModel.swift; sourceTree = "<group>"; };
		996950882CF2991500800A17 /* EventCardViewModel.swift */ = {isa = PBXFileReference; lastKnownFileType = sourcecode.swift; path = EventCardViewModel.swift; sourceTree = "<group>"; };
		99F0FC202C4BDB1C00D51776 /* UserHomeViewModel.swift */ = {isa = PBXFileReference; lastKnownFileType = sourcecode.swift; path = UserHomeViewModel.swift; sourceTree = "<group>"; };
		99F0FC242C4C156900D51776 /* ImagePickerView.swift */ = {isa = PBXFileReference; lastKnownFileType = sourcecode.swift; path = ImagePickerView.swift; sourceTree = "<group>"; };
		99F0FC2A2C4D0E1A00D51776 /* UserGuideScreenView.swift */ = {isa = PBXFileReference; lastKnownFileType = sourcecode.swift; path = UserGuideScreenView.swift; sourceTree = "<group>"; };
		99F0FC2E2C4EC81000D51776 /* UserProfileView.swift */ = {isa = PBXFileReference; lastKnownFileType = sourcecode.swift; path = UserProfileView.swift; sourceTree = "<group>"; };
		99F354C82D08B9A80073234E /* ImageLoader.swift */ = {isa = PBXFileReference; lastKnownFileType = sourcecode.swift; path = ImageLoader.swift; sourceTree = "<group>"; };
		99F355112D0D0BA20073234E /* NGOModel.swift */ = {isa = PBXFileReference; lastKnownFileType = sourcecode.swift; path = NGOModel.swift; sourceTree = "<group>"; };
/* End PBXFileReference section */

/* Begin PBXFrameworksBuildPhase section */
		9928ACB42C358F30008F545A /* Frameworks */ = {
			isa = PBXFrameworksBuildPhase;
			buildActionMask = 2147483647;
			files = (
				9994D9582CF7639D003F8C6A /* FirebaseFirestoreCombine-Community in Frameworks */,
				9994D95A2CF7639D003F8C6A /* FirebaseFunctions in Frameworks */,
				9994D9662CF7639E003F8C6A /* FirebaseStorageCombine-Community in Frameworks */,
				9994D9522CF7639D003F8C6A /* FirebaseDatabase in Frameworks */,
				9994D9542CF7639D003F8C6A /* FirebaseDynamicLinks in Frameworks */,
				9994D9462CF7639D003F8C6A /* FirebaseAppCheck in Frameworks */,
				9994D94A2CF7639D003F8C6A /* FirebaseAuth in Frameworks */,
				9994D9402CF7639D003F8C6A /* FirebaseAnalytics in Frameworks */,
				9994D9562CF7639D003F8C6A /* FirebaseFirestore in Frameworks */,
				9994D95C2CF7639D003F8C6A /* FirebaseFunctionsCombine-Community in Frameworks */,
				9994D9642CF7639E003F8C6A /* FirebaseStorage in Frameworks */,
				9994D9622CF7639E003F8C6A /* FirebaseRemoteConfig in Frameworks */,
				9994D9602CF7639E003F8C6A /* FirebasePerformance in Frameworks */,
				9994D9482CF7639D003F8C6A /* FirebaseAppDistribution-Beta in Frameworks */,
				9994D9442CF7639D003F8C6A /* FirebaseAnalyticsWithoutAdIdSupport in Frameworks */,
				9994D95E2CF7639E003F8C6A /* FirebaseInstallations in Frameworks */,
				9994D94C2CF7639D003F8C6A /* FirebaseAuthCombine-Community in Frameworks */,
				9994D9502CF7639D003F8C6A /* FirebaseCrashlytics in Frameworks */,
				9994D94E2CF7639D003F8C6A /* FirebaseCore in Frameworks */,
				9994D9422CF7639D003F8C6A /* FirebaseAnalyticsOnDeviceConversion in Frameworks */,
			);
			runOnlyForDeploymentPostprocessing = 0;
		};
/* End PBXFrameworksBuildPhase section */

/* Begin PBXGroup section */
		9928ACAE2C358F30008F545A = {
			isa = PBXGroup;
			children = (
				9928ACB92C358F30008F545A /* EraMatch */,
				9928ACB82C358F30008F545A /* Products */,
			);
			sourceTree = "<group>";
		};
		9928ACB82C358F30008F545A /* Products */ = {
			isa = PBXGroup;
			children = (
				9928ACB72C358F30008F545A /* EraMatch.app */,
			);
			name = Products;
			sourceTree = "<group>";
		};
		9928ACB92C358F30008F545A /* EraMatch */ = {
			isa = PBXGroup;
			children = (
				99F354CA2D08D39C0073234E /* Services */,
				9928AD772C44854B008F545A /* ViewModels */,
				9928ACCB2C3595D0008F545A /* Views */,
				9928ACCA2C3595CA008F545A /* Models */,
				9928ACC92C359570008F545A /* Support */,
				9928ACC02C358F32008F545A /* Preview Content */,
			);
			path = EraMatch;
			sourceTree = "<group>";
		};
		9928ACC02C358F32008F545A /* Preview Content */ = {
			isa = PBXGroup;
			children = (
				9928ACC12C358F32008F545A /* Preview Assets.xcassets */,
			);
			path = "Preview Content";
			sourceTree = "<group>";
		};
		9928ACC92C359570008F545A /* Support */ = {
			isa = PBXGroup;
			children = (
				9928AD3C2C448432008F545A /* GoogleService-Info.plist */,
				9928ACBC2C358F30008F545A /* ContentView.swift */,
				9928ACBA2C358F30008F545A /* EraMatchApp.swift */,
				9928ACBE2C358F32008F545A /* Assets.xcassets */,
			);
			path = Support;
			sourceTree = "<group>";
		};
		9928ACCA2C3595CA008F545A /* Models */ = {
			isa = PBXGroup;
			children = (
				99F355112D0D0BA20073234E /* NGOModel.swift */,
				996950842CEFC19A00800A17 /* EventModel.swift */,
				9928ACFC2C383731008F545A /* Contents.swift */,
			);
			path = Models;
			sourceTree = "<group>";
		};
		9928ACCB2C3595D0008F545A /* Views */ = {
			isa = PBXGroup;
			children = (
				9928ACE12C36DCC5008F545A /* PublicStateViews */,
				9928ACDE2C36DBC1008F545A /* NgoStateViews */,
				9928ACDD2C36DBAF008F545A /* UserStateViews */,
			);
			path = Views;
			sourceTree = "<group>";
		};
		9928ACDD2C36DBAF008F545A /* UserStateViews */ = {
			isa = PBXGroup;
			children = (
				9951E8D22CB190BF001F7B6E /* UserNavBarView.swift */,
				9928ACD32C35A4A0008F545A /* UserHomeView.swift */,
				9928ACF82C370CC0008F545A /* UserSignUpView.swift */,
				99F0FC2A2C4D0E1A00D51776 /* UserGuideScreenView.swift */,
				99F0FC2E2C4EC81000D51776 /* UserProfileView.swift */,
				9937C5262CB9D03400EFEA38 /* UserEventsView.swift */,
				9937C5282CB9D04500EFEA38 /* UserSubmissionsView.swift */,
			);
			path = UserStateViews;
			sourceTree = "<group>";
		};
		9928ACDE2C36DBC1008F545A /* NgoStateViews */ = {
			isa = PBXGroup;
			children = (
				9928ACDF2C36DCAC008F545A /* NgoHomeView.swift */,
				9928ACF62C370CAE008F545A /* NgoSignUpView.swift */,
				991F3A702C52A6C900E1CC1C /* NgoProfileView.swift */,
				9951E8D02CB1906D001F7B6E /* NgoNavBarView.swift */,
				9951E8D82CB87256001F7B6E /* NgoSubmissionsView.swift */,
				9951E8DA2CB89B32001F7B6E /* NgoMyEventsView.swift */,
				99008C512CD79C820099BFCF /* NgoCreateEventView.swift */,
			);
			path = NgoStateViews;
			sourceTree = "<group>";
		};
		9928ACE12C36DCC5008F545A /* PublicStateViews */ = {
			isa = PBXGroup;
			children = (
				9928ACD52C35ACC8008F545A /* BackgroundView.swift */,
				9928ACD12C359D27008F545A /* OnboardingView.swift */,
				9928ACE42C36F71F008F545A /* LoginView.swift */,
				9928ACFA2C370CED008F545A /* SelectStateView.swift */,
				99F0FC242C4C156900D51776 /* ImagePickerView.swift */,
				991F3A742C53F46C00E1CC1C /* EventCardView.swift */,
				99008C4F2CD6C1710099BFCF /* PDFView.swift */,
			);
			path = PublicStateViews;
			sourceTree = "<group>";
		};
		9928AD772C44854B008F545A /* ViewModels */ = {
			isa = PBXGroup;
			children = (
				996950882CF2991500800A17 /* EventCardViewModel.swift */,
				9928AD782C448725008F545A /* LoginViewModel.swift */,
				99F0FC232C4BDCF700D51776 /* NgoViewModels */,
				99F0FC222C4BDCDF00D51776 /* UserViewModels */,
			);
			path = ViewModels;
			sourceTree = "<group>";
		};
		99F0FC222C4BDCDF00D51776 /* UserViewModels */ = {
			isa = PBXGroup;
			children = (
				99F0FC202C4BDB1C00D51776 /* UserHomeViewModel.swift */,
				9928AD7D2C448760008F545A /* UserSignUpViewModel.swift */,
			);
			path = UserViewModels;
			sourceTree = "<group>";
		};
		99F0FC232C4BDCF700D51776 /* NgoViewModels */ = {
			isa = PBXGroup;
			children = (
				9928AD7B2C448750008F545A /* NgoSignUpViewModel.swift */,
				9951E8D62CB86E6B001F7B6E /* NgoHomeViewModel.swift */,
				996950862CEFC1AA00800A17 /* CreateEventViewModel.swift */,
			);
			path = NgoViewModels;
			sourceTree = "<group>";
		};
		99F354CA2D08D39C0073234E /* Services */ = {
			isa = PBXGroup;
			children = (
				99F354C82D08B9A80073234E /* ImageLoader.swift */,
			);
			path = Services;
			sourceTree = "<group>";
		};
/* End PBXGroup section */

/* Begin PBXNativeTarget section */
		9928ACB62C358F30008F545A /* EraMatch */ = {
			isa = PBXNativeTarget;
			buildConfigurationList = 9928ACC52C358F32008F545A /* Build configuration list for PBXNativeTarget "EraMatch" */;
			buildPhases = (
				9928ACB32C358F30008F545A /* Sources */,
				9928ACB42C358F30008F545A /* Frameworks */,
				9928ACB52C358F30008F545A /* Resources */,
			);
			buildRules = (
			);
			dependencies = (
			);
			name = EraMatch;
			packageProductDependencies = (
				9994D93F2CF7639D003F8C6A /* FirebaseAnalytics */,
				9994D9412CF7639D003F8C6A /* FirebaseAnalyticsOnDeviceConversion */,
				9994D9432CF7639D003F8C6A /* FirebaseAnalyticsWithoutAdIdSupport */,
				9994D9452CF7639D003F8C6A /* FirebaseAppCheck */,
				9994D9472CF7639D003F8C6A /* FirebaseAppDistribution-Beta */,
				9994D9492CF7639D003F8C6A /* FirebaseAuth */,
				9994D94B2CF7639D003F8C6A /* FirebaseAuthCombine-Community */,
				9994D94D2CF7639D003F8C6A /* FirebaseCore */,
				9994D94F2CF7639D003F8C6A /* FirebaseCrashlytics */,
				9994D9512CF7639D003F8C6A /* FirebaseDatabase */,
				9994D9532CF7639D003F8C6A /* FirebaseDynamicLinks */,
				9994D9552CF7639D003F8C6A /* FirebaseFirestore */,
				9994D9572CF7639D003F8C6A /* FirebaseFirestoreCombine-Community */,
				9994D9592CF7639D003F8C6A /* FirebaseFunctions */,
				9994D95B2CF7639D003F8C6A /* FirebaseFunctionsCombine-Community */,
				9994D95D2CF7639E003F8C6A /* FirebaseInstallations */,
				9994D95F2CF7639E003F8C6A /* FirebasePerformance */,
				9994D9612CF7639E003F8C6A /* FirebaseRemoteConfig */,
				9994D9632CF7639E003F8C6A /* FirebaseStorage */,
				9994D9652CF7639E003F8C6A /* FirebaseStorageCombine-Community */,
			);
			productName = EraMatch;
			productReference = 9928ACB72C358F30008F545A /* EraMatch.app */;
			productType = "com.apple.product-type.application";
		};
/* End PBXNativeTarget section */

/* Begin PBXProject section */
		9928ACAF2C358F30008F545A /* Project object */ = {
			isa = PBXProject;
			attributes = {
				BuildIndependentTargetsInParallel = 1;
				LastSwiftUpdateCheck = 1540;
				LastUpgradeCheck = 1540;
				TargetAttributes = {
					9928ACB62C358F30008F545A = {
						CreatedOnToolsVersion = 15.4;
					};
				};
			};
			buildConfigurationList = 9928ACB22C358F30008F545A /* Build configuration list for PBXProject "EraMatch" */;
			compatibilityVersion = "Xcode 14.0";
			developmentRegion = en;
			hasScannedForEncodings = 0;
			knownRegions = (
				en,
				Base,
			);
			mainGroup = 9928ACAE2C358F30008F545A;
			packageReferences = (
				9994D93E2CF7639D003F8C6A /* XCRemoteSwiftPackageReference "firebase-ios-sdk" */,
			);
			productRefGroup = 9928ACB82C358F30008F545A /* Products */;
			projectDirPath = "";
			projectRoot = "";
			targets = (
				9928ACB62C358F30008F545A /* EraMatch */,
			);
		};
/* End PBXProject section */

/* Begin PBXResourcesBuildPhase section */
		9928ACB52C358F30008F545A /* Resources */ = {
			isa = PBXResourcesBuildPhase;
			buildActionMask = 2147483647;
			files = (
				9928ACC22C358F32008F545A /* Preview Assets.xcassets in Resources */,
				9928ACBF2C358F32008F545A /* Assets.xcassets in Resources */,
				9928AD3D2C448432008F545A /* GoogleService-Info.plist in Resources */,
			);
			runOnlyForDeploymentPostprocessing = 0;
		};
/* End PBXResourcesBuildPhase section */

/* Begin PBXSourcesBuildPhase section */
		9928ACB32C358F30008F545A /* Sources */ = {
			isa = PBXSourcesBuildPhase;
			buildActionMask = 2147483647;
			files = (
				9928ACFB2C370CED008F545A /* SelectStateView.swift in Sources */,
				9928ACD62C35ACC8008F545A /* BackgroundView.swift in Sources */,
				99F355122D0D0BA20073234E /* NGOModel.swift in Sources */,
				991F3A712C52A6C900E1CC1C /* NgoProfileView.swift in Sources */,
				99008C522CD79C820099BFCF /* NgoCreateEventView.swift in Sources */,
				996950852CEFC19A00800A17 /* EventModel.swift in Sources */,
				99F354C92D08B9A80073234E /* ImageLoader.swift in Sources */,
				9951E8D72CB86E6B001F7B6E /* NgoHomeViewModel.swift in Sources */,
				9928ACF72C370CAE008F545A /* NgoSignUpView.swift in Sources */,
				9928ACD22C359D27008F545A /* OnboardingView.swift in Sources */,
				99F0FC2F2C4EC81000D51776 /* UserProfileView.swift in Sources */,
				996950872CEFC1AA00800A17 /* CreateEventViewModel.swift in Sources */,
				9928ACD42C35A4A0008F545A /* UserHomeView.swift in Sources */,
				9928AD7C2C448750008F545A /* NgoSignUpViewModel.swift in Sources */,
				9951E8DB2CB89B32001F7B6E /* NgoMyEventsView.swift in Sources */,
				9951E8D92CB87256001F7B6E /* NgoSubmissionsView.swift in Sources */,
				99F0FC212C4BDB1C00D51776 /* UserHomeViewModel.swift in Sources */,
				9928ACE02C36DCAC008F545A /* NgoHomeView.swift in Sources */,
				9928ACBD2C358F30008F545A /* ContentView.swift in Sources */,
				9928AD792C448725008F545A /* LoginViewModel.swift in Sources */,
				9951E8D32CB190BF001F7B6E /* UserNavBarView.swift in Sources */,
				9951E8D12CB1906D001F7B6E /* NgoNavBarView.swift in Sources */,
				991F3A752C53F46C00E1CC1C /* EventCardView.swift in Sources */,
				9937C5272CB9D03400EFEA38 /* UserEventsView.swift in Sources */,
				9928ACBB2C358F30008F545A /* EraMatchApp.swift in Sources */,
				9928ACE52C36F71F008F545A /* LoginView.swift in Sources */,
				9928AD7E2C448760008F545A /* UserSignUpViewModel.swift in Sources */,
				9928ACF92C370CC0008F545A /* UserSignUpView.swift in Sources */,
				9928ACFD2C383731008F545A /* Contents.swift in Sources */,
				9937C5292CB9D04500EFEA38 /* UserSubmissionsView.swift in Sources */,
				99F0FC252C4C156900D51776 /* ImagePickerView.swift in Sources */,
				996950892CF2991500800A17 /* EventCardViewModel.swift in Sources */,
				99008C502CD6C1710099BFCF /* PDFView.swift in Sources */,
				99F0FC2B2C4D0E1A00D51776 /* UserGuideScreenView.swift in Sources */,
			);
			runOnlyForDeploymentPostprocessing = 0;
		};
/* End PBXSourcesBuildPhase section */

/* Begin XCBuildConfiguration section */
		9928ACC32C358F32008F545A /* Debug */ = {
			isa = XCBuildConfiguration;
			buildSettings = {
				ALWAYS_SEARCH_USER_PATHS = NO;
				ASSETCATALOG_COMPILER_GENERATE_SWIFT_ASSET_SYMBOL_EXTENSIONS = YES;
				CLANG_ANALYZER_NONNULL = YES;
				CLANG_ANALYZER_NUMBER_OBJECT_CONVERSION = YES_AGGRESSIVE;
				CLANG_CXX_LANGUAGE_STANDARD = "gnu++20";
				CLANG_ENABLE_MODULES = YES;
				CLANG_ENABLE_OBJC_ARC = YES;
				CLANG_ENABLE_OBJC_WEAK = YES;
				CLANG_WARN_BLOCK_CAPTURE_AUTORELEASING = YES;
				CLANG_WARN_BOOL_CONVERSION = YES;
				CLANG_WARN_COMMA = YES;
				CLANG_WARN_CONSTANT_CONVERSION = YES;
				CLANG_WARN_DEPRECATED_OBJC_IMPLEMENTATIONS = YES;
				CLANG_WARN_DIRECT_OBJC_ISA_USAGE = YES_ERROR;
				CLANG_WARN_DOCUMENTATION_COMMENTS = YES;
				CLANG_WARN_EMPTY_BODY = YES;
				CLANG_WARN_ENUM_CONVERSION = YES;
				CLANG_WARN_INFINITE_RECURSION = YES;
				CLANG_WARN_INT_CONVERSION = YES;
				CLANG_WARN_NON_LITERAL_NULL_CONVERSION = YES;
				CLANG_WARN_OBJC_IMPLICIT_RETAIN_SELF = YES;
				CLANG_WARN_OBJC_LITERAL_CONVERSION = YES;
				CLANG_WARN_OBJC_ROOT_CLASS = YES_ERROR;
				CLANG_WARN_QUOTED_INCLUDE_IN_FRAMEWORK_HEADER = YES;
				CLANG_WARN_RANGE_LOOP_ANALYSIS = YES;
				CLANG_WARN_STRICT_PROTOTYPES = YES;
				CLANG_WARN_SUSPICIOUS_MOVE = YES;
				CLANG_WARN_UNGUARDED_AVAILABILITY = YES_AGGRESSIVE;
				CLANG_WARN_UNREACHABLE_CODE = YES;
				CLANG_WARN__DUPLICATE_METHOD_MATCH = YES;
				COPY_PHASE_STRIP = NO;
				DEBUG_INFORMATION_FORMAT = dwarf;
				ENABLE_STRICT_OBJC_MSGSEND = YES;
				ENABLE_TESTABILITY = YES;
				ENABLE_USER_SCRIPT_SANDBOXING = YES;
				GCC_C_LANGUAGE_STANDARD = gnu17;
				GCC_DYNAMIC_NO_PIC = NO;
				GCC_NO_COMMON_BLOCKS = YES;
				GCC_OPTIMIZATION_LEVEL = 0;
				GCC_PREPROCESSOR_DEFINITIONS = (
					"DEBUG=1",
					"$(inherited)",
				);
				GCC_WARN_64_TO_32_BIT_CONVERSION = YES;
				GCC_WARN_ABOUT_RETURN_TYPE = YES_ERROR;
				GCC_WARN_UNDECLARED_SELECTOR = YES;
				GCC_WARN_UNINITIALIZED_AUTOS = YES_AGGRESSIVE;
				GCC_WARN_UNUSED_FUNCTION = YES;
				GCC_WARN_UNUSED_VARIABLE = YES;
				IPHONEOS_DEPLOYMENT_TARGET = 17.5;
				LOCALIZATION_PREFERS_STRING_CATALOGS = YES;
				MTL_ENABLE_DEBUG_INFO = INCLUDE_SOURCE;
				MTL_FAST_MATH = YES;
				ONLY_ACTIVE_ARCH = YES;
				SDKROOT = iphoneos;
				SWIFT_ACTIVE_COMPILATION_CONDITIONS = "DEBUG $(inherited)";
				SWIFT_OPTIMIZATION_LEVEL = "-Onone";
			};
			name = Debug;
		};
		9928ACC42C358F32008F545A /* Release */ = {
			isa = XCBuildConfiguration;
			buildSettings = {
				ALWAYS_SEARCH_USER_PATHS = NO;
				ASSETCATALOG_COMPILER_GENERATE_SWIFT_ASSET_SYMBOL_EXTENSIONS = YES;
				CLANG_ANALYZER_NONNULL = YES;
				CLANG_ANALYZER_NUMBER_OBJECT_CONVERSION = YES_AGGRESSIVE;
				CLANG_CXX_LANGUAGE_STANDARD = "gnu++20";
				CLANG_ENABLE_MODULES = YES;
				CLANG_ENABLE_OBJC_ARC = YES;
				CLANG_ENABLE_OBJC_WEAK = YES;
				CLANG_WARN_BLOCK_CAPTURE_AUTORELEASING = YES;
				CLANG_WARN_BOOL_CONVERSION = YES;
				CLANG_WARN_COMMA = YES;
				CLANG_WARN_CONSTANT_CONVERSION = YES;
				CLANG_WARN_DEPRECATED_OBJC_IMPLEMENTATIONS = YES;
				CLANG_WARN_DIRECT_OBJC_ISA_USAGE = YES_ERROR;
				CLANG_WARN_DOCUMENTATION_COMMENTS = YES;
				CLANG_WARN_EMPTY_BODY = YES;
				CLANG_WARN_ENUM_CONVERSION = YES;
				CLANG_WARN_INFINITE_RECURSION = YES;
				CLANG_WARN_INT_CONVERSION = YES;
				CLANG_WARN_NON_LITERAL_NULL_CONVERSION = YES;
				CLANG_WARN_OBJC_IMPLICIT_RETAIN_SELF = YES;
				CLANG_WARN_OBJC_LITERAL_CONVERSION = YES;
				CLANG_WARN_OBJC_ROOT_CLASS = YES_ERROR;
				CLANG_WARN_QUOTED_INCLUDE_IN_FRAMEWORK_HEADER = YES;
				CLANG_WARN_RANGE_LOOP_ANALYSIS = YES;
				CLANG_WARN_STRICT_PROTOTYPES = YES;
				CLANG_WARN_SUSPICIOUS_MOVE = YES;
				CLANG_WARN_UNGUARDED_AVAILABILITY = YES_AGGRESSIVE;
				CLANG_WARN_UNREACHABLE_CODE = YES;
				CLANG_WARN__DUPLICATE_METHOD_MATCH = YES;
				COPY_PHASE_STRIP = NO;
				DEBUG_INFORMATION_FORMAT = "dwarf-with-dsym";
				ENABLE_NS_ASSERTIONS = NO;
				ENABLE_STRICT_OBJC_MSGSEND = YES;
				ENABLE_USER_SCRIPT_SANDBOXING = YES;
				GCC_C_LANGUAGE_STANDARD = gnu17;
				GCC_NO_COMMON_BLOCKS = YES;
				GCC_WARN_64_TO_32_BIT_CONVERSION = YES;
				GCC_WARN_ABOUT_RETURN_TYPE = YES_ERROR;
				GCC_WARN_UNDECLARED_SELECTOR = YES;
				GCC_WARN_UNINITIALIZED_AUTOS = YES_AGGRESSIVE;
				GCC_WARN_UNUSED_FUNCTION = YES;
				GCC_WARN_UNUSED_VARIABLE = YES;
				IPHONEOS_DEPLOYMENT_TARGET = 17.5;
				LOCALIZATION_PREFERS_STRING_CATALOGS = YES;
				MTL_ENABLE_DEBUG_INFO = NO;
				MTL_FAST_MATH = YES;
				SDKROOT = iphoneos;
				SWIFT_COMPILATION_MODE = wholemodule;
				VALIDATE_PRODUCT = YES;
			};
			name = Release;
		};
		9928ACC62C358F32008F545A /* Debug */ = {
			isa = XCBuildConfiguration;
			buildSettings = {
				ASSETCATALOG_COMPILER_APPICON_NAME = AppIcon;
				ASSETCATALOG_COMPILER_GLOBAL_ACCENT_COLOR_NAME = AccentColor;
				CODE_SIGN_STYLE = Automatic;
				CURRENT_PROJECT_VERSION = 1;
				DEVELOPMENT_ASSET_PATHS = "\"EraMatch/Preview Content\"";
				DEVELOPMENT_TEAM = 694ZS6YAZS;
				ENABLE_PREVIEWS = YES;
				GENERATE_INFOPLIST_FILE = YES;
				INFOPLIST_FILE = EraMatch/Info.plist;
				INFOPLIST_KEY_LSApplicationCategoryType = "public.app-category.travel";
				INFOPLIST_KEY_NSPhotoLibraryUsageDescription = "We need access to your photo library so you can choose and upload images for your profile and other features.\n";
				INFOPLIST_KEY_UIApplicationSceneManifest_Generation = YES;
				INFOPLIST_KEY_UIApplicationSupportsIndirectInputEvents = YES;
				INFOPLIST_KEY_UILaunchScreen_Generation = YES;
				INFOPLIST_KEY_UISupportedInterfaceOrientations_iPad = "UIInterfaceOrientationPortrait UIInterfaceOrientationPortraitUpsideDown UIInterfaceOrientationLandscapeLeft UIInterfaceOrientationLandscapeRight";
				INFOPLIST_KEY_UISupportedInterfaceOrientations_iPhone = "UIInterfaceOrientationPortrait UIInterfaceOrientationLandscapeLeft UIInterfaceOrientationLandscapeRight";
				INFOPLIST_KEY_UIUserInterfaceStyle = Light;
				IPHONEOS_DEPLOYMENT_TARGET = 16;
				LD_RUNPATH_SEARCH_PATHS = (
					"$(inherited)",
					"@executable_path/Frameworks",
				);
				MARKETING_VERSION = 1.0.0;
				PRODUCT_BUNDLE_IDENTIFIER = com.rmgoktas.EraMatch;
				PRODUCT_NAME = "$(TARGET_NAME)";
				SUPPORTED_PLATFORMS = "iphoneos iphonesimulator";
				SUPPORTS_MACCATALYST = NO;
				SUPPORTS_MAC_DESIGNED_FOR_IPHONE_IPAD = NO;
				SUPPORTS_XR_DESIGNED_FOR_IPHONE_IPAD = NO;
				SWIFT_EMIT_LOC_STRINGS = YES;
				SWIFT_VERSION = 5.0;
				TARGETED_DEVICE_FAMILY = 1;
			};
			name = Debug;
		};
		9928ACC72C358F32008F545A /* Release */ = {
			isa = XCBuildConfiguration;
			buildSettings = {
				ASSETCATALOG_COMPILER_APPICON_NAME = AppIcon;
				ASSETCATALOG_COMPILER_GLOBAL_ACCENT_COLOR_NAME = AccentColor;
				CODE_SIGN_STYLE = Automatic;
				CURRENT_PROJECT_VERSION = 1;
				DEVELOPMENT_ASSET_PATHS = "\"EraMatch/Preview Content\"";
				DEVELOPMENT_TEAM = 694ZS6YAZS;
				ENABLE_PREVIEWS = YES;
				GENERATE_INFOPLIST_FILE = YES;
				INFOPLIST_FILE = EraMatch/Info.plist;
				INFOPLIST_KEY_LSApplicationCategoryType = "public.app-category.travel";
				INFOPLIST_KEY_NSPhotoLibraryUsageDescription = "We need access to your photo library so you can choose and upload images for your profile and other features.\n";
				INFOPLIST_KEY_UIApplicationSceneManifest_Generation = YES;
				INFOPLIST_KEY_UIApplicationSupportsIndirectInputEvents = YES;
				INFOPLIST_KEY_UILaunchScreen_Generation = YES;
				INFOPLIST_KEY_UISupportedInterfaceOrientations_iPad = "UIInterfaceOrientationPortrait UIInterfaceOrientationPortraitUpsideDown UIInterfaceOrientationLandscapeLeft UIInterfaceOrientationLandscapeRight";
				INFOPLIST_KEY_UISupportedInterfaceOrientations_iPhone = "UIInterfaceOrientationPortrait UIInterfaceOrientationLandscapeLeft UIInterfaceOrientationLandscapeRight";
				INFOPLIST_KEY_UIUserInterfaceStyle = Light;
				IPHONEOS_DEPLOYMENT_TARGET = 16;
				LD_RUNPATH_SEARCH_PATHS = (
					"$(inherited)",
					"@executable_path/Frameworks",
				);
				MARKETING_VERSION = 1.0.0;
				PRODUCT_BUNDLE_IDENTIFIER = com.rmgoktas.EraMatch;
				PRODUCT_NAME = "$(TARGET_NAME)";
				SUPPORTED_PLATFORMS = "iphoneos iphonesimulator";
				SUPPORTS_MACCATALYST = NO;
				SUPPORTS_MAC_DESIGNED_FOR_IPHONE_IPAD = NO;
				SUPPORTS_XR_DESIGNED_FOR_IPHONE_IPAD = NO;
				SWIFT_EMIT_LOC_STRINGS = YES;
				SWIFT_VERSION = 5.0;
				TARGETED_DEVICE_FAMILY = 1;
			};
			name = Release;
		};
/* End XCBuildConfiguration section */

/* Begin XCConfigurationList section */
		9928ACB22C358F30008F545A /* Build configuration list for PBXProject "EraMatch" */ = {
			isa = XCConfigurationList;
			buildConfigurations = (
				9928ACC32C358F32008F545A /* Debug */,
				9928ACC42C358F32008F545A /* Release */,
			);
			defaultConfigurationIsVisible = 0;
			defaultConfigurationName = Release;
		};
		9928ACC52C358F32008F545A /* Build configuration list for PBXNativeTarget "EraMatch" */ = {
			isa = XCConfigurationList;
			buildConfigurations = (
				9928ACC62C358F32008F545A /* Debug */,
				9928ACC72C358F32008F545A /* Release */,
			);
			defaultConfigurationIsVisible = 0;
			defaultConfigurationName = Release;
		};
/* End XCConfigurationList section */

/* Begin XCRemoteSwiftPackageReference section */
		9994D93E2CF7639D003F8C6A /* XCRemoteSwiftPackageReference "firebase-ios-sdk" */ = {
			isa = XCRemoteSwiftPackageReference;
			repositoryURL = "https://github.com/firebase/firebase-ios-sdk";
			requirement = {
				kind = upToNextMajorVersion;
				minimumVersion = 11.5.0;
			};
		};
/* End XCRemoteSwiftPackageReference section */

/* Begin XCSwiftPackageProductDependency section */
		9994D93F2CF7639D003F8C6A /* FirebaseAnalytics */ = {
			isa = XCSwiftPackageProductDependency;
			package = 9994D93E2CF7639D003F8C6A /* XCRemoteSwiftPackageReference "firebase-ios-sdk" */;
			productName = FirebaseAnalytics;
		};
		9994D9412CF7639D003F8C6A /* FirebaseAnalyticsOnDeviceConversion */ = {
			isa = XCSwiftPackageProductDependency;
			package = 9994D93E2CF7639D003F8C6A /* XCRemoteSwiftPackageReference "firebase-ios-sdk" */;
			productName = FirebaseAnalyticsOnDeviceConversion;
		};
		9994D9432CF7639D003F8C6A /* FirebaseAnalyticsWithoutAdIdSupport */ = {
			isa = XCSwiftPackageProductDependency;
			package = 9994D93E2CF7639D003F8C6A /* XCRemoteSwiftPackageReference "firebase-ios-sdk" */;
			productName = FirebaseAnalyticsWithoutAdIdSupport;
		};
		9994D9452CF7639D003F8C6A /* FirebaseAppCheck */ = {
			isa = XCSwiftPackageProductDependency;
			package = 9994D93E2CF7639D003F8C6A /* XCRemoteSwiftPackageReference "firebase-ios-sdk" */;
			productName = FirebaseAppCheck;
		};
		9994D9472CF7639D003F8C6A /* FirebaseAppDistribution-Beta */ = {
			isa = XCSwiftPackageProductDependency;
			package = 9994D93E2CF7639D003F8C6A /* XCRemoteSwiftPackageReference "firebase-ios-sdk" */;
			productName = "FirebaseAppDistribution-Beta";
		};
		9994D9492CF7639D003F8C6A /* FirebaseAuth */ = {
			isa = XCSwiftPackageProductDependency;
			package = 9994D93E2CF7639D003F8C6A /* XCRemoteSwiftPackageReference "firebase-ios-sdk" */;
			productName = FirebaseAuth;
		};
		9994D94B2CF7639D003F8C6A /* FirebaseAuthCombine-Community */ = {
			isa = XCSwiftPackageProductDependency;
			package = 9994D93E2CF7639D003F8C6A /* XCRemoteSwiftPackageReference "firebase-ios-sdk" */;
			productName = "FirebaseAuthCombine-Community";
		};
		9994D94D2CF7639D003F8C6A /* FirebaseCore */ = {
			isa = XCSwiftPackageProductDependency;
			package = 9994D93E2CF7639D003F8C6A /* XCRemoteSwiftPackageReference "firebase-ios-sdk" */;
			productName = FirebaseCore;
		};
		9994D94F2CF7639D003F8C6A /* FirebaseCrashlytics */ = {
			isa = XCSwiftPackageProductDependency;
			package = 9994D93E2CF7639D003F8C6A /* XCRemoteSwiftPackageReference "firebase-ios-sdk" */;
			productName = FirebaseCrashlytics;
		};
		9994D9512CF7639D003F8C6A /* FirebaseDatabase */ = {
			isa = XCSwiftPackageProductDependency;
			package = 9994D93E2CF7639D003F8C6A /* XCRemoteSwiftPackageReference "firebase-ios-sdk" */;
			productName = FirebaseDatabase;
		};
		9994D9532CF7639D003F8C6A /* FirebaseDynamicLinks */ = {
			isa = XCSwiftPackageProductDependency;
			package = 9994D93E2CF7639D003F8C6A /* XCRemoteSwiftPackageReference "firebase-ios-sdk" */;
			productName = FirebaseDynamicLinks;
		};
		9994D9552CF7639D003F8C6A /* FirebaseFirestore */ = {
			isa = XCSwiftPackageProductDependency;
			package = 9994D93E2CF7639D003F8C6A /* XCRemoteSwiftPackageReference "firebase-ios-sdk" */;
			productName = FirebaseFirestore;
		};
		9994D9572CF7639D003F8C6A /* FirebaseFirestoreCombine-Community */ = {
			isa = XCSwiftPackageProductDependency;
			package = 9994D93E2CF7639D003F8C6A /* XCRemoteSwiftPackageReference "firebase-ios-sdk" */;
			productName = "FirebaseFirestoreCombine-Community";
		};
		9994D9592CF7639D003F8C6A /* FirebaseFunctions */ = {
			isa = XCSwiftPackageProductDependency;
			package = 9994D93E2CF7639D003F8C6A /* XCRemoteSwiftPackageReference "firebase-ios-sdk" */;
			productName = FirebaseFunctions;
		};
		9994D95B2CF7639D003F8C6A /* FirebaseFunctionsCombine-Community */ = {
			isa = XCSwiftPackageProductDependency;
			package = 9994D93E2CF7639D003F8C6A /* XCRemoteSwiftPackageReference "firebase-ios-sdk" */;
			productName = "FirebaseFunctionsCombine-Community";
		};
		9994D95D2CF7639E003F8C6A /* FirebaseInstallations */ = {
			isa = XCSwiftPackageProductDependency;
			package = 9994D93E2CF7639D003F8C6A /* XCRemoteSwiftPackageReference "firebase-ios-sdk" */;
			productName = FirebaseInstallations;
		};
		9994D95F2CF7639E003F8C6A /* FirebasePerformance */ = {
			isa = XCSwiftPackageProductDependency;
			package = 9994D93E2CF7639D003F8C6A /* XCRemoteSwiftPackageReference "firebase-ios-sdk" */;
			productName = FirebasePerformance;
		};
		9994D9612CF7639E003F8C6A /* FirebaseRemoteConfig */ = {
			isa = XCSwiftPackageProductDependency;
			package = 9994D93E2CF7639D003F8C6A /* XCRemoteSwiftPackageReference "firebase-ios-sdk" */;
			productName = FirebaseRemoteConfig;
		};
		9994D9632CF7639E003F8C6A /* FirebaseStorage */ = {
			isa = XCSwiftPackageProductDependency;
			package = 9994D93E2CF7639D003F8C6A /* XCRemoteSwiftPackageReference "firebase-ios-sdk" */;
			productName = FirebaseStorage;
		};
		9994D9652CF7639E003F8C6A /* FirebaseStorageCombine-Community */ = {
			isa = XCSwiftPackageProductDependency;
			package = 9994D93E2CF7639D003F8C6A /* XCRemoteSwiftPackageReference "firebase-ios-sdk" */;
			productName = "FirebaseStorageCombine-Community";
		};
/* End XCSwiftPackageProductDependency section */
	};
	rootObject = 9928ACAF2C358F30008F545A /* Project object */;
}
